{
  "name": "mock-manager",
  "version": "0.1.0",
  "lockfileVersion": 1,
  "requires": true,
  "dependencies": {
    "@hai2007/nodejs": {
      "version": "1.0.1",
      "resolved": "https://registry.nlark.com/@hai2007/nodejs/download/@hai2007/nodejs-1.0.1.tgz",
      "integrity": "sha1-2PIUknUWmvuceU5vn1oxOrv3Yug=",
      "requires": {
        "@hai2007/tool": "^0.6.1"
      }
    },
    "@hai2007/style": {
      "version": "0.3.0",
      "resolved": "https://registry.npmjs.org/@hai2007/style/-/style-0.3.0.tgz",
      "integrity": "sha512-10MehoX/e/7+6FHWg0I72UpBhJIFBNtzltT5gx7b/sixNKqpA6j/I4Ugt1UtK/C0ebG7WfL2Sqm2S9LGiTrBag=="
    },
    "@hai2007/tool": {
      "version": "0.6.6",
      "resolved": "https://registry.npmjs.org/@hai2007/tool/-/tool-0.6.6.tgz",
      "integrity": "sha512-NY+oSmnB2ihepJBDFw+2S6vUvJ+lj9AtibioWBbkEn2w/QOY+wNKBT1xgg0nstxx5ljWLd2oS9WqOPY/q7rICA=="
    },
    "commander": {
      "version": "7.2.0",
      "resolved": "https://registry.npmjs.org/commander/-/commander-7.2.0.tgz",
      "integrity": "sha512-QrWXB+ZQSVPmIWIhtEO9H+gwHaMGYiF5ChvoJ+K9ZGHG/sVsa6yiesAD1GC/x46sET00Xlwo1u49RVVVzvcSkw=="
    },
    "hash-sum": {
      "version": "2.0.0",
      "resolved": "https://registry.npmjs.org/hash-sum/-/hash-sum-2.0.0.tgz",
      "integrity": "sha512-WdZTbAByD+pHfl/g9QSsBIIwy8IT+EsPiKDs0KNX+zSHhdDLFKdZu0BQHljvO+0QI/BasbMSUa8wYNCZTvhslg=="
    },
    "mock-servicer": {
      "version": "1.2.4",
      "resolved": "https://registry.npmjs.org/mock-servicer/-/mock-servicer-1.2.4.tgz",
      "integrity": "sha512-HrU29uX7i0RPMOAVivRQK+5qZpQtjRUXRMbWTkGPsE1dfewLHEzsAfJYH6n0+VFpX0qnUkkS/AZdzjV2O4Q8+Q==",
      "requires": {
        "@hai2007/nodejs": "^1.0.0",
        "@hai2007/tool": "^0.6.6",
        "hash-sum": "^2.0.0",
        "mockjs": "^1.1.0"
      }
    },
    "mockjs": {
      "version": "1.1.0",
      "resolved": "https://registry.npmjs.org/mockjs/-/mockjs-1.1.0.tgz",
      "integrity": "sha512-eQsKcWzIaZzEZ07NuEyO4Nw65g0hdWAyurVol1IPl1gahRwY+svqzfgfey8U8dahLwG44d6/RwEzuK52rSa/JQ==",
      "requires": {
        "commander": "*"
      }
    },
    "open-web-editor": {
      "version": "0.3.0",
      "resolved": "https://registry.npmjs.org/open-web-editor/-/open-web-editor-0.3.0.tgz",
      "integrity": "sha512-MTP5wU+ds8skPkR3b8Bl+bdqbZySoBEf0192UkgWRrGfBF0IZXkdag0KHhaV32wK2mSBa62d5gu49PYdWWGTjg==",
      "requires": {
        "@hai2007/tool": "^0.6.1"
      }
    }
  }
}
